<?xml version="1.0" encoding="utf-8"?>
<Project ToolsVersion="4.0" xmlns="http://schemas.microsoft.com/developer/msbuild/2003">
  <ItemGroup>
    <Filter Include="Resource Files">
      <UniqueIdentifier>{67DA6AB6-F800-4c08-8B7A-83BB121AAD01}</UniqueIdentifier>
      <Extensions>rc;ico;cur;bmp;dlg;rc2;rct;bin;rgs;gif;jpg;jpeg;jpe;resx;tiff;tif;png;wav;mfcribbon-ms</Extensions>
    </Filter>
    <Filter Include="src">
      <UniqueIdentifier>{d7a62597-f512-49cd-86df-216d267fcf64}</UniqueIdentifier>
    </Filter>
    <Filter Include="src\SystemSingleton">
      <UniqueIdentifier>{00169ddc-3c61-489b-89ce-389122c2348d}</UniqueIdentifier>
    </Filter>
    <Filter Include="src\Header">
      <UniqueIdentifier>{93995380-89BD-4b04-88EB-625FBE52EBFB}</UniqueIdentifier>
      <Extensions>h;hh;hpp;hxx;h++;hm;inl;inc;ipp;xsd</Extensions>
    </Filter>
    <Filter Include="src\Message">
      <UniqueIdentifier>{d3ebd802-95f7-492f-8e51-6194fd85dc92}</UniqueIdentifier>
    </Filter>
    <Filter Include="src\Socket">
      <UniqueIdentifier>{23d12946-bbf0-4d82-803d-f9c3c32a4649}</UniqueIdentifier>
    </Filter>
    <Filter Include="src\Opc">
      <UniqueIdentifier>{462bb093-52fe-4cc5-8c6c-88b4c4b42304}</UniqueIdentifier>
    </Filter>
    <Filter Include="src\Message\StringMessage">
      <UniqueIdentifier>{61c83a3a-e184-47a7-8c41-4d96d12aaf59}</UniqueIdentifier>
    </Filter>
    <Filter Include="src\Opc\SimpleOPCClient_V3">
      <UniqueIdentifier>{f90eec1f-2481-44eb-aa9e-77a58aabb532}</UniqueIdentifier>
    </Filter>
  </ItemGroup>
  <ItemGroup>
    <ClInclude Include="framework.h">
      <Filter>src\Header</Filter>
    </ClInclude>
    <ClInclude Include="targetver.h">
      <Filter>src\Header</Filter>
    </ClInclude>
    <ClInclude Include="Resource.h">
      <Filter>src\Header</Filter>
    </ClInclude>
    <ClInclude Include="TP2_SDA.h">
      <Filter>src\Header</Filter>
    </ClInclude>
    <ClInclude Include="StringMessage.h">
      <Filter>src\Message\StringMessage</Filter>
    </ClInclude>
    <ClInclude Include="SocketServer.h">
      <Filter>src\Socket</Filter>
    </ClInclude>
    <ClInclude Include="RDPMessage.h">
      <Filter>src\Message\StringMessage</Filter>
    </ClInclude>
    <ClInclude Include="DPMessage.h">
      <Filter>src\Message\StringMessage</Filter>
    </ClInclude>
    <ClInclude Include="CRMessage_ACK.h">
      <Filter>src\Message\StringMessage</Filter>
    </ClInclude>
    <ClInclude Include="CMessage_ACK.h">
      <Filter>src\Message\StringMessage</Filter>
    </ClInclude>
    <ClInclude Include="EDMessage.h">
      <Filter>src\Message\StringMessage</Filter>
    </ClInclude>
    <ClInclude Include="Message.h">
      <Filter>src\Message</Filter>
    </ClInclude>
    <ClInclude Include="SocketMessage.h">
      <Filter>src\Message</Filter>
    </ClInclude>
    <ClInclude Include="MessageStack.h">
      <Filter>src\SystemSingleton</Filter>
    </ClInclude>
    <ClInclude Include="MessageSocketServer.h">
      <Filter>src\Socket</Filter>
    </ClInclude>
    <ClInclude Include="CentralController.h">
      <Filter>src\SystemSingleton</Filter>
    </ClInclude>
    <ClInclude Include="LogBuffer.h">
      <Filter>src\SystemSingleton</Filter>
    </ClInclude>
    <ClInclude Include="OpcOperator.h">
      <Filter>src\SystemSingleton</Filter>
    </ClInclude>
    <ClInclude Include="OpcItem.h">
      <Filter>src\Opc</Filter>
    </ClInclude>
    <ClInclude Include="OpcGroup.h">
      <Filter>src\Opc</Filter>
    </ClInclude>
    <ClInclude Include="OpcServer.h">
      <Filter>src\Opc</Filter>
    </ClInclude>
    <ClInclude Include="Update.h">
      <Filter>src\SystemSingleton</Filter>
    </ClInclude>
    <ClInclude Include="SimpleOPCClient_V3\opcda.h">
      <Filter>src\Opc\SimpleOPCClient_V3</Filter>
    </ClInclude>
    <ClInclude Include="SimpleOPCClient_V3\opcerror.h">
      <Filter>src\Opc\SimpleOPCClient_V3</Filter>
    </ClInclude>
    <ClInclude Include="SimpleOPCClient_V3\SimpleOPCClient_v3.h">
      <Filter>src\Opc\SimpleOPCClient_V3</Filter>
    </ClInclude>
    <ClInclude Include="SimpleOPCClient_V3\SOCAdviseSink.h">
      <Filter>src\Opc\SimpleOPCClient_V3</Filter>
    </ClInclude>
    <ClInclude Include="SimpleOPCClient_V3\SOCDataCallback.h">
      <Filter>src\Opc\SimpleOPCClient_V3</Filter>
    </ClInclude>
    <ClInclude Include="SimpleOPCClient_V3\SOCWrapperFunctions.h">
      <Filter>src\Opc\SimpleOPCClient_V3</Filter>
    </ClInclude>
    <ClInclude Include="OpcConstants.h">
      <Filter>src\Opc</Filter>
    </ClInclude>
    <ClInclude Include="EndMessage.h">
      <Filter>src\Message\StringMessage</Filter>
    </ClInclude>
    <ClInclude Include="MessageSocketClient.h">
      <Filter>src\Socket</Filter>
    </ClInclude>
    <ClInclude Include="Config.h">
      <Filter>src</Filter>
    </ClInclude>
  </ItemGroup>
  <ItemGroup>
    <ClCompile Include="SocketServer.cpp">
      <Filter>src\Socket</Filter>
    </ClCompile>
    <ClCompile Include="StringMessage.cpp">
      <Filter>src\Message\StringMessage</Filter>
    </ClCompile>
    <ClCompile Include="RDPMessage.cpp">
      <Filter>src\Message\StringMessage</Filter>
    </ClCompile>
    <ClCompile Include="DPMessage.cpp">
      <Filter>src\Message\StringMessage</Filter>
    </ClCompile>
    <ClCompile Include="CRMessage_ACK.cpp">
      <Filter>src\Message\StringMessage</Filter>
    </ClCompile>
    <ClCompile Include="CMessage_ACK.cpp">
      <Filter>src\Message\StringMessage</Filter>
    </ClCompile>
    <ClCompile Include="EDMessage.cpp">
      <Filter>src\Message\StringMessage</Filter>
    </ClCompile>
    <ClCompile Include="Message.cpp">
      <Filter>src\Message</Filter>
    </ClCompile>
    <ClCompile Include="SocketMessage.cpp">
      <Filter>src\Message</Filter>
    </ClCompile>
    <ClCompile Include="MessageStack.cpp">
      <Filter>src\SystemSingleton</Filter>
    </ClCompile>
    <ClCompile Include="MessageSocketServer.cpp">
      <Filter>src\Socket</Filter>
    </ClCompile>
    <ClCompile Include="CentralController.cpp">
      <Filter>src\SystemSingleton</Filter>
    </ClCompile>
    <ClCompile Include="LogBuffer.cpp">
      <Filter>src\SystemSingleton</Filter>
    </ClCompile>
    <ClCompile Include="OpcOperator.cpp">
      <Filter>src\SystemSingleton</Filter>
    </ClCompile>
    <ClCompile Include="OpcItem.cpp">
      <Filter>src\Opc</Filter>
    </ClCompile>
    <ClCompile Include="OpcGroup.cpp">
      <Filter>src\Opc</Filter>
    </ClCompile>
    <ClCompile Include="OpcServer.cpp">
      <Filter>src\Opc</Filter>
    </ClCompile>
    <ClCompile Include="Update.cpp">
      <Filter>src\SystemSingleton</Filter>
    </ClCompile>
    <ClCompile Include="SimpleOPCClient_V3\opcda_i.c">
      <Filter>src\Opc\SimpleOPCClient_V3</Filter>
    </ClCompile>
    <ClCompile Include="SimpleOPCClient_V3\SimpleOPCClient_v3.cpp">
      <Filter>src\Opc\SimpleOPCClient_V3</Filter>
    </ClCompile>
    <ClCompile Include="SimpleOPCClient_V3\SOCAdviseSink.cpp">
      <Filter>src\Opc\SimpleOPCClient_V3</Filter>
    </ClCompile>
    <ClCompile Include="SimpleOPCClient_V3\SOCDataCallback.cpp">
      <Filter>src\Opc\SimpleOPCClient_V3</Filter>
    </ClCompile>
    <ClCompile Include="SimpleOPCClient_V3\SOCWrapperlFunctions.cpp">
      <Filter>src\Opc\SimpleOPCClient_V3</Filter>
    </ClCompile>
    <ClCompile Include="OpcConstants.cpp">
      <Filter>src\Opc</Filter>
    </ClCompile>
    <ClCompile Include="TP2_SDA.cpp">
      <Filter>src</Filter>
    </ClCompile>
    <ClCompile Include="EndMessage.cpp">
      <Filter>src\Message\StringMessage</Filter>
    </ClCompile>
    <ClCompile Include="MessageSocketClient.cpp">
      <Filter>src\Socket</Filter>
    </ClCompile>
  </ItemGroup>
  <ItemGroup>
    <ResourceCompile Include="TP2_SDA.rc">
      <Filter>Resource Files</Filter>
    </ResourceCompile>
  </ItemGroup>
  <ItemGroup>
    <Image Include="small.ico">
      <Filter>Resource Files</Filter>
    </Image>
    <Image Include="TP2_SDA.ico">
      <Filter>Resource Files</Filter>
    </Image>
  </ItemGroup>
</Project>